
Microsoft Visual Studio Solution File, Format Version 12.00
# Visual Studio Version 17
VisualStudioVersion = 17.7.34202.233
MinimumVisualStudioVersion = 10.0.40219.1
Project("{FAE04EC0-301F-11D3-BF4B-00C04F79EFBC}") = "EjerciciosPracticosDeArreglos2_EDA_SAEG", "EjerciciosPracticosDeArreglos2_EDA_SAEG\EjerciciosPracticosDeArreglos2_EDA_SAEG.csproj", "{CEDC6AA7-3B00-475D-A45F-11975C706BB0}"
EndProject
Global
	GlobalSection(SolutionConfigurationPlatforms) = preSolution
		Debug|Any CPU = Debug|Any CPU
		Release|Any CPU = Release|Any CPU
	EndGlobalSection
	GlobalSection(ProjectConfigurationPlatforms) = postSolution
		{CEDC6AA7-3B00-475D-A45F-11975C706BB0}.Debug|Any CPU.ActiveCfg = Debug|Any CPU
		{CEDC6AA7-3B00-475D-A45F-11975C706BB0}.Debug|Any CPU.Build.0 = Debug|Any CPU
		{CEDC6AA7-3B00-475D-A45F-11975C706BB0}.Release|Any CPU.ActiveCfg = Release|Any CPU
		{CEDC6AA7-3B00-475D-A45F-11975C706BB0}.Release|Any CPU.Build.0 = Release|Any CPU
	EndGlobalSection
	GlobalSection(SolutionProperties) = preSolution
		HideSolutionNode = FALSE
	EndGlobalSection
	GlobalSection(ExtensibilityGlobals) = postSolution
		SolutionGuid = {96E49826-4002-4DE1-9002-9C4F34C2B354}
	EndGlobalSection
EndGlobal
